// !$*UTF8*$!
{
	archiveVersion = 1;
	classes = {
	};
	objectVersion = 55;
	objects = {

/* Begin PBXBuildFile section */
		726073F9275E5FD600C3021D /* AppDelegate.swift in Sources */ = {isa = PBXBuildFile; fileRef = 726073F8275E5FD600C3021D /* AppDelegate.swift */; };
		726073FB275E5FD600C3021D /* SceneDelegate.swift in Sources */ = {isa = PBXBuildFile; fileRef = 726073FA275E5FD600C3021D /* SceneDelegate.swift */; };
		72607400275E5FD600C3021D /* Main.storyboard in Resources */ = {isa = PBXBuildFile; fileRef = 726073FE275E5FD600C3021D /* Main.storyboard */; };
		72607402275E5FD900C3021D /* Assets.xcassets in Resources */ = {isa = PBXBuildFile; fileRef = 72607401275E5FD900C3021D /* Assets.xcassets */; };
		72607405275E5FD900C3021D /* LaunchScreen.storyboard in Resources */ = {isa = PBXBuildFile; fileRef = 72607403275E5FD900C3021D /* LaunchScreen.storyboard */; };
		7260740D275E608B00C3021D /* .gitIgnore in Resources */ = {isa = PBXBuildFile; fileRef = 7260740C275E608B00C3021D /* .gitIgnore */; };
		72607411275E619E00C3021D /* Secrets.swift in Sources */ = {isa = PBXBuildFile; fileRef = 72607410275E619E00C3021D /* Secrets.swift */; };
		72607413275E681100C3021D /* Quote.swift in Sources */ = {isa = PBXBuildFile; fileRef = 72607412275E681100C3021D /* Quote.swift */; };
		72607415275E786300C3021D /* WeatherInfo.swift in Sources */ = {isa = PBXBuildFile; fileRef = 72607414275E786300C3021D /* WeatherInfo.swift */; };
		72607441275FB4FD00C3021D /* CurrentViewController.swift in Sources */ = {isa = PBXBuildFile; fileRef = 72607440275FB4FD00C3021D /* CurrentViewController.swift */; };
		72607447275FE73600C3021D /* Current.swift in Sources */ = {isa = PBXBuildFile; fileRef = 72607446275FE73600C3021D /* Current.swift */; };
		72607449275FE7DD00C3021D /* Weather.swift in Sources */ = {isa = PBXBuildFile; fileRef = 72607448275FE7DD00C3021D /* Weather.swift */; };
		7260744B275FE84000C3021D /* Hourly.swift in Sources */ = {isa = PBXBuildFile; fileRef = 7260744A275FE84000C3021D /* Hourly.swift */; };
		7260744D275FE9AB00C3021D /* Daily.swift in Sources */ = {isa = PBXBuildFile; fileRef = 7260744C275FE9AB00C3021D /* Daily.swift */; };
		72607451275FEB3700C3021D /* DailyTemp.swift in Sources */ = {isa = PBXBuildFile; fileRef = 72607450275FEB3700C3021D /* DailyTemp.swift */; };
		72607453275FEBDA00C3021D /* Alerts.swift in Sources */ = {isa = PBXBuildFile; fileRef = 72607452275FEBDA00C3021D /* Alerts.swift */; };
		7260745D276049F100C3021D /* WeatherInfoController.swift in Sources */ = {isa = PBXBuildFile; fileRef = 7260745C276049F100C3021D /* WeatherInfoController.swift */; };
/* End PBXBuildFile section */

/* Begin PBXFileReference section */
		726073F5275E5FD600C3021D /* MostlySunny.app */ = {isa = PBXFileReference; explicitFileType = wrapper.application; includeInIndex = 0; path = MostlySunny.app; sourceTree = BUILT_PRODUCTS_DIR; };
		726073F8275E5FD600C3021D /* AppDelegate.swift */ = {isa = PBXFileReference; lastKnownFileType = sourcecode.swift; path = AppDelegate.swift; sourceTree = "<group>"; };
		726073FA275E5FD600C3021D /* SceneDelegate.swift */ = {isa = PBXFileReference; lastKnownFileType = sourcecode.swift; path = SceneDelegate.swift; sourceTree = "<group>"; };
		726073FF275E5FD600C3021D /* Base */ = {isa = PBXFileReference; lastKnownFileType = file.storyboard; name = Base; path = Base.lproj/Main.storyboard; sourceTree = "<group>"; };
		72607401275E5FD900C3021D /* Assets.xcassets */ = {isa = PBXFileReference; lastKnownFileType = folder.assetcatalog; path = Assets.xcassets; sourceTree = "<group>"; };
		72607404275E5FD900C3021D /* Base */ = {isa = PBXFileReference; lastKnownFileType = file.storyboard; name = Base; path = Base.lproj/LaunchScreen.storyboard; sourceTree = "<group>"; };
		72607406275E5FD900C3021D /* Info.plist */ = {isa = PBXFileReference; lastKnownFileType = text.plist.xml; path = Info.plist; sourceTree = "<group>"; };
		7260740C275E608B00C3021D /* .gitIgnore */ = {isa = PBXFileReference; lastKnownFileType = text; path = .gitIgnore; sourceTree = "<group>"; };
		72607410275E619E00C3021D /* Secrets.swift */ = {isa = PBXFileReference; lastKnownFileType = sourcecode.swift; path = Secrets.swift; sourceTree = "<group>"; };
		72607412275E681100C3021D /* Quote.swift */ = {isa = PBXFileReference; lastKnownFileType = sourcecode.swift; path = Quote.swift; sourceTree = "<group>"; };
		72607414275E786300C3021D /* WeatherInfo.swift */ = {isa = PBXFileReference; lastKnownFileType = sourcecode.swift; path = WeatherInfo.swift; sourceTree = "<group>"; };
		72607440275FB4FD00C3021D /* CurrentViewController.swift */ = {isa = PBXFileReference; lastKnownFileType = sourcecode.swift; path = CurrentViewController.swift; sourceTree = "<group>"; };
		72607446275FE73600C3021D /* Current.swift */ = {isa = PBXFileReference; lastKnownFileType = sourcecode.swift; path = Current.swift; sourceTree = "<group>"; };
		72607448275FE7DD00C3021D /* Weather.swift */ = {isa = PBXFileReference; lastKnownFileType = sourcecode.swift; path = Weather.swift; sourceTree = "<group>"; };
		7260744A275FE84000C3021D /* Hourly.swift */ = {isa = PBXFileReference; lastKnownFileType = sourcecode.swift; path = Hourly.swift; sourceTree = "<group>"; };
		7260744C275FE9AB00C3021D /* Daily.swift */ = {isa = PBXFileReference; lastKnownFileType = sourcecode.swift; path = Daily.swift; sourceTree = "<group>"; };
		72607450275FEB3700C3021D /* DailyTemp.swift */ = {isa = PBXFileReference; lastKnownFileType = sourcecode.swift; path = DailyTemp.swift; sourceTree = "<group>"; };
		72607452275FEBDA00C3021D /* Alerts.swift */ = {isa = PBXFileReference; lastKnownFileType = sourcecode.swift; path = Alerts.swift; sourceTree = "<group>"; };
		7260745C276049F100C3021D /* WeatherInfoController.swift */ = {isa = PBXFileReference; lastKnownFileType = sourcecode.swift; path = WeatherInfoController.swift; sourceTree = "<group>"; };
/* End PBXFileReference section */

/* Begin PBXFrameworksBuildPhase section */
		726073F2275E5FD600C3021D /* Frameworks */ = {
			isa = PBXFrameworksBuildPhase;
			buildActionMask = 2147483647;
			files = (
			);
			runOnlyForDeploymentPostprocessing = 0;
		};
/* End PBXFrameworksBuildPhase section */

/* Begin PBXGroup section */
		726073EC275E5FD600C3021D = {
			isa = PBXGroup;
			children = (
				7260740C275E608B00C3021D /* .gitIgnore */,
				726073F7275E5FD600C3021D /* MostlySunny */,
				726073F6275E5FD600C3021D /* Products */,
			);
			sourceTree = "<group>";
		};
		726073F6275E5FD600C3021D /* Products */ = {
			isa = PBXGroup;
			children = (
				726073F5275E5FD600C3021D /* MostlySunny.app */,
			);
			name = Products;
			sourceTree = "<group>";
		};
		726073F7275E5FD600C3021D /* MostlySunny */ = {
			isa = PBXGroup;
			children = (
				72607457275FF1EB00C3021D /* Controllers */,
				72607456275FF1AE00C3021D /* Utilities */,
				72607455275FF16100C3021D /* Views */,
				72607454275FF12800C3021D /* Models */,
				72607410275E619E00C3021D /* Secrets.swift */,
				72607401275E5FD900C3021D /* Assets.xcassets */,
				72607406275E5FD900C3021D /* Info.plist */,
			);
			path = MostlySunny;
			sourceTree = "<group>";
		};
		72607454275FF12800C3021D /* Models */ = {
			isa = PBXGroup;
			children = (
				72607414275E786300C3021D /* WeatherInfo.swift */,
				72607446275FE73600C3021D /* Current.swift */,
				7260744A275FE84000C3021D /* Hourly.swift */,
				7260744C275FE9AB00C3021D /* Daily.swift */,
				72607450275FEB3700C3021D /* DailyTemp.swift */,
				72607452275FEBDA00C3021D /* Alerts.swift */,
				72607448275FE7DD00C3021D /* Weather.swift */,
				72607412275E681100C3021D /* Quote.swift */,
			);
			path = Models;
			sourceTree = "<group>";
		};
		72607455275FF16100C3021D /* Views */ = {
			isa = PBXGroup;
			children = (
				72607403275E5FD900C3021D /* LaunchScreen.storyboard */,
				726073FE275E5FD600C3021D /* Main.storyboard */,
			);
			path = Views;
			sourceTree = "<group>";
		};
		72607456275FF1AE00C3021D /* Utilities */ = {
			isa = PBXGroup;
			children = (
				726073F8275E5FD600C3021D /* AppDelegate.swift */,
				726073FA275E5FD600C3021D /* SceneDelegate.swift */,
			);
			path = Utilities;
			sourceTree = "<group>";
		};
		72607457275FF1EB00C3021D /* Controllers */ = {
			isa = PBXGroup;
			children = (
				72607440275FB4FD00C3021D /* CurrentViewController.swift */,
				7260745C276049F100C3021D /* WeatherInfoController.swift */,
			);
			path = Controllers;
			sourceTree = "<group>";
		};
/* End PBXGroup section */

/* Begin PBXNativeTarget section */
		726073F4275E5FD600C3021D /* MostlySunny */ = {
			isa = PBXNativeTarget;
			buildConfigurationList = 72607409275E5FD900C3021D /* Build configuration list for PBXNativeTarget "MostlySunny" */;
			buildPhases = (
				726073F1275E5FD600C3021D /* Sources */,
				726073F2275E5FD600C3021D /* Frameworks */,
				726073F3275E5FD600C3021D /* Resources */,
			);
			buildRules = (
			);
			dependencies = (
			);
			name = MostlySunny;
			productName = MostlySunny;
			productReference = 726073F5275E5FD600C3021D /* MostlySunny.app */;
			productType = "com.apple.product-type.application";
		};
/* End PBXNativeTarget section */

/* Begin PBXProject section */
		726073ED275E5FD600C3021D /* Project object */ = {
			isa = PBXProject;
			attributes = {
				BuildIndependentTargetsInParallel = 1;
				LastSwiftUpdateCheck = 1310;
				LastUpgradeCheck = 1310;
				TargetAttributes = {
					726073F4275E5FD600C3021D = {
						CreatedOnToolsVersion = 13.1;
					};
				};
			};
			buildConfigurationList = 726073F0275E5FD600C3021D /* Build configuration list for PBXProject "MostlySunny" */;
			compatibilityVersion = "Xcode 13.0";
			developmentRegion = en;
			hasScannedForEncodings = 0;
			knownRegions = (
				en,
				Base,
			);
			mainGroup = 726073EC275E5FD600C3021D;
			productRefGroup = 726073F6275E5FD600C3021D /* Products */;
			projectDirPath = "";
			projectRoot = "";
			targets = (
				726073F4275E5FD600C3021D /* MostlySunny */,
			);
		};
/* End PBXProject section */

/* Begin PBXResourcesBuildPhase section */
		726073F3275E5FD600C3021D /* Resources */ = {
			isa = PBXResourcesBuildPhase;
			buildActionMask = 2147483647;
			files = (
				7260740D275E608B00C3021D /* .gitIgnore in Resources */,
				72607405275E5FD900C3021D /* LaunchScreen.storyboard in Resources */,
				72607402275E5FD900C3021D /* Assets.xcassets in Resources */,
				72607400275E5FD600C3021D /* Main.storyboard in Resources */,
			);
			runOnlyForDeploymentPostprocessing = 0;
		};
/* End PBXResourcesBuildPhase section */

/* Begin PBXSourcesBuildPhase section */
		726073F1275E5FD600C3021D /* Sources */ = {
			isa = PBXSourcesBuildPhase;
			buildActionMask = 2147483647;
			files = (
				72607453275FEBDA00C3021D /* Alerts.swift in Sources */,
				72607447275FE73600C3021D /* Current.swift in Sources */,
				72607411275E619E00C3021D /* Secrets.swift in Sources */,
				72607449275FE7DD00C3021D /* Weather.swift in Sources */,
				726073F9275E5FD600C3021D /* AppDelegate.swift in Sources */,
				7260745D276049F100C3021D /* WeatherInfoController.swift in Sources */,
				72607413275E681100C3021D /* Quote.swift in Sources */,
				7260744B275FE84000C3021D /* Hourly.swift in Sources */,
				72607415275E786300C3021D /* WeatherInfo.swift in Sources */,
				72607441275FB4FD00C3021D /* CurrentViewController.swift in Sources */,
				726073FB275E5FD600C3021D /* SceneDelegate.swift in Sources */,
				7260744D275FE9AB00C3021D /* Daily.swift in Sources */,
				72607451275FEB3700C3021D /* DailyTemp.swift in Sources */,
			);
			runOnlyForDeploymentPostprocessing = 0;
		};
/* End PBXSourcesBuildPhase section */

/* Begin PBXVariantGroup section */
		726073FE275E5FD600C3021D /* Main.storyboard */ = {
			isa = PBXVariantGroup;
			children = (
				726073FF275E5FD600C3021D /* Base */,
			);
			name = Main.storyboard;
			sourceTree = "<group>";
		};
		72607403275E5FD900C3021D /* LaunchScreen.storyboard */ = {
			isa = PBXVariantGroup;
			children = (
				72607404275E5FD900C3021D /* Base */,
			);
			name = LaunchScreen.storyboard;
			sourceTree = "<group>";
		};
/* End PBXVariantGroup section */

/* Begin XCBuildConfiguration section */
		72607407275E5FD900C3021D /* Debug */ = {
			isa = XCBuildConfiguration;
			buildSettings = {
				ALWAYS_SEARCH_USER_PATHS = NO;
				CLANG_ANALYZER_NONNULL = YES;
				CLANG_ANALYZER_NUMBER_OBJECT_CONVERSION = YES_AGGRESSIVE;
				CLANG_CXX_LANGUAGE_STANDARD = "gnu++17";
				CLANG_CXX_LIBRARY = "libc++";
				CLANG_ENABLE_MODULES = YES;
				CLANG_ENABLE_OBJC_ARC = YES;
				CLANG_ENABLE_OBJC_WEAK = YES;
				CLANG_WARN_BLOCK_CAPTURE_AUTORELEASING = YES;
				CLANG_WARN_BOOL_CONVERSION = YES;
				CLANG_WARN_COMMA = YES;
				CLANG_WARN_CONSTANT_CONVERSION = YES;
				CLANG_WARN_DEPRECATED_OBJC_IMPLEMENTATIONS = YES;
				CLANG_WARN_DIRECT_OBJC_ISA_USAGE = YES_ERROR;
				CLANG_WARN_DOCUMENTATION_COMMENTS = YES;
				CLANG_WARN_EMPTY_BODY = YES;
				CLANG_WARN_ENUM_CONVERSION = YES;
				CLANG_WARN_INFINITE_RECURSION = YES;
				CLANG_WARN_INT_CONVERSION = YES;
				CLANG_WARN_NON_LITERAL_NULL_CONVERSION = YES;
				CLANG_WARN_OBJC_IMPLICIT_RETAIN_SELF = YES;
				CLANG_WARN_OBJC_LITERAL_CONVERSION = YES;
				CLANG_WARN_OBJC_ROOT_CLASS = YES_ERROR;
				CLANG_WARN_QUOTED_INCLUDE_IN_FRAMEWORK_HEADER = YES;
				CLANG_WARN_RANGE_LOOP_ANALYSIS = YES;
				CLANG_WARN_STRICT_PROTOTYPES = YES;
				CLANG_WARN_SUSPICIOUS_MOVE = YES;
				CLANG_WARN_UNGUARDED_AVAILABILITY = YES_AGGRESSIVE;
				CLANG_WARN_UNREACHABLE_CODE = YES;
				CLANG_WARN__DUPLICATE_METHOD_MATCH = YES;
				COPY_PHASE_STRIP = NO;
				DEBUG_INFORMATION_FORMAT = dwarf;
				ENABLE_STRICT_OBJC_MSGSEND = YES;
				ENABLE_TESTABILITY = YES;
				GCC_C_LANGUAGE_STANDARD = gnu11;
				GCC_DYNAMIC_NO_PIC = NO;
				GCC_NO_COMMON_BLOCKS = YES;
				GCC_OPTIMIZATION_LEVEL = 0;
				GCC_PREPROCESSOR_DEFINITIONS = (
					"DEBUG=1",
					"$(inherited)",
				);
				GCC_WARN_64_TO_32_BIT_CONVERSION = YES;
				GCC_WARN_ABOUT_RETURN_TYPE = YES_ERROR;
				GCC_WARN_UNDECLARED_SELECTOR = YES;
				GCC_WARN_UNINITIALIZED_AUTOS = YES_AGGRESSIVE;
				GCC_WARN_UNUSED_FUNCTION = YES;
				GCC_WARN_UNUSED_VARIABLE = YES;
				IPHONEOS_DEPLOYMENT_TARGET = 15.0;
				MTL_ENABLE_DEBUG_INFO = INCLUDE_SOURCE;
				MTL_FAST_MATH = YES;
				ONLY_ACTIVE_ARCH = YES;
				SDKROOT = iphoneos;
				SWIFT_ACTIVE_COMPILATION_CONDITIONS = DEBUG;
				SWIFT_OPTIMIZATION_LEVEL = "-Onone";
			};
			name = Debug;
		};
		72607408275E5FD900C3021D /* Release */ = {
			isa = XCBuildConfiguration;
			buildSettings = {
				ALWAYS_SEARCH_USER_PATHS = NO;
				CLANG_ANALYZER_NONNULL = YES;
				CLANG_ANALYZER_NUMBER_OBJECT_CONVERSION = YES_AGGRESSIVE;
				CLANG_CXX_LANGUAGE_STANDARD = "gnu++17";
				CLANG_CXX_LIBRARY = "libc++";
				CLANG_ENABLE_MODULES = YES;
				CLANG_ENABLE_OBJC_ARC = YES;
				CLANG_ENABLE_OBJC_WEAK = YES;
				CLANG_WARN_BLOCK_CAPTURE_AUTORELEASING = YES;
				CLANG_WARN_BOOL_CONVERSION = YES;
				CLANG_WARN_COMMA = YES;
				CLANG_WARN_CONSTANT_CONVERSION = YES;
				CLANG_WARN_DEPRECATED_OBJC_IMPLEMENTATIONS = YES;
				CLANG_WARN_DIRECT_OBJC_ISA_USAGE = YES_ERROR;
				CLANG_WARN_DOCUMENTATION_COMMENTS = YES;
				CLANG_WARN_EMPTY_BODY = YES;
				CLANG_WARN_ENUM_CONVERSION = YES;
				CLANG_WARN_INFINITE_RECURSION = YES;
				CLANG_WARN_INT_CONVERSION = YES;
				CLANG_WARN_NON_LITERAL_NULL_CONVERSION = YES;
				CLANG_WARN_OBJC_IMPLICIT_RETAIN_SELF = YES;
				CLANG_WARN_OBJC_LITERAL_CONVERSION = YES;
				CLANG_WARN_OBJC_ROOT_CLASS = YES_ERROR;
				CLANG_WARN_QUOTED_INCLUDE_IN_FRAMEWORK_HEADER = YES;
				CLANG_WARN_RANGE_LOOP_ANALYSIS = YES;
				CLANG_WARN_STRICT_PROTOTYPES = YES;
				CLANG_WARN_SUSPICIOUS_MOVE = YES;
				CLANG_WARN_UNGUARDED_AVAILABILITY = YES_AGGRESSIVE;
				CLANG_WARN_UNREACHABLE_CODE = YES;
				CLANG_WARN__DUPLICATE_METHOD_MATCH = YES;
				COPY_PHASE_STRIP = NO;
				DEBUG_INFORMATION_FORMAT = "dwarf-with-dsym";
				ENABLE_NS_ASSERTIONS = NO;
				ENABLE_STRICT_OBJC_MSGSEND = YES;
				GCC_C_LANGUAGE_STANDARD = gnu11;
				GCC_NO_COMMON_BLOCKS = YES;
				GCC_WARN_64_TO_32_BIT_CONVERSION = YES;
				GCC_WARN_ABOUT_RETURN_TYPE = YES_ERROR;
				GCC_WARN_UNDECLARED_SELECTOR = YES;
				GCC_WARN_UNINITIALIZED_AUTOS = YES_AGGRESSIVE;
				GCC_WARN_UNUSED_FUNCTION = YES;
				GCC_WARN_UNUSED_VARIABLE = YES;
				IPHONEOS_DEPLOYMENT_TARGET = 15.0;
				MTL_ENABLE_DEBUG_INFO = NO;
				MTL_FAST_MATH = YES;
				SDKROOT = iphoneos;
				SWIFT_COMPILATION_MODE = wholemodule;
				SWIFT_OPTIMIZATION_LEVEL = "-O";
				VALIDATE_PRODUCT = YES;
			};
			name = Release;
		};
		7260740A275E5FD900C3021D /* Debug */ = {
			isa = XCBuildConfiguration;
			buildSettings = {
				ASSETCATALOG_COMPILER_APPICON_NAME = AppIcon;
				ASSETCATALOG_COMPILER_GLOBAL_ACCENT_COLOR_NAME = AccentColor;
				CODE_SIGN_STYLE = Automatic;
				CURRENT_PROJECT_VERSION = 1;
				DEVELOPMENT_TEAM = 7VYP542ZRX;
				GENERATE_INFOPLIST_FILE = YES;
				INFOPLIST_FILE = MostlySunny/Info.plist;
				INFOPLIST_KEY_UIApplicationSupportsIndirectInputEvents = YES;
				INFOPLIST_KEY_UILaunchStoryboardName = LaunchScreen;
				INFOPLIST_KEY_UIMainStoryboardFile = Main;
				INFOPLIST_KEY_UISupportedInterfaceOrientations_iPad = "UIInterfaceOrientationPortrait UIInterfaceOrientationPortraitUpsideDown UIInterfaceOrientationLandscapeLeft UIInterfaceOrientationLandscapeRight";
				INFOPLIST_KEY_UISupportedInterfaceOrientations_iPhone = "UIInterfaceOrientationPortrait UIInterfaceOrientationLandscapeLeft UIInterfaceOrientationLandscapeRight";
				LD_RUNPATH_SEARCH_PATHS = (
					"$(inherited)",
					"@executable_path/Frameworks",
				);
				MARKETING_VERSION = 1.0;
				PRODUCT_BUNDLE_IDENTIFIER = com.MindyDouglas.MostlySunny;
				PRODUCT_NAME = "$(TARGET_NAME)";
				SWIFT_EMIT_LOC_STRINGS = YES;
				SWIFT_VERSION = 5.0;
				TARGETED_DEVICE_FAMILY = "1,2";
			};
			name = Debug;
		};
		7260740B275E5FD900C3021D /* Release */ = {
			isa = XCBuildConfiguration;
			buildSettings = {
				ASSETCATALOG_COMPILER_APPICON_NAME = AppIcon;
				ASSETCATALOG_COMPILER_GLOBAL_ACCENT_COLOR_NAME = AccentColor;
				CODE_SIGN_STYLE = Automatic;
				CURRENT_PROJECT_VERSION = 1;
				DEVELOPMENT_TEAM = 7VYP542ZRX;
				GENERATE_INFOPLIST_FILE = YES;
				INFOPLIST_FILE = MostlySunny/Info.plist;
				INFOPLIST_KEY_UIApplicationSupportsIndirectInputEvents = YES;
				INFOPLIST_KEY_UILaunchStoryboardName = LaunchScreen;
				INFOPLIST_KEY_UIMainStoryboardFile = Main;
				INFOPLIST_KEY_UISupportedInterfaceOrientations_iPad = "UIInterfaceOrientationPortrait UIInterfaceOrientationPortraitUpsideDown UIInterfaceOrientationLandscapeLeft UIInterfaceOrientationLandscapeRight";
				INFOPLIST_KEY_UISupportedInterfaceOrientations_iPhone = "UIInterfaceOrientationPortrait UIInterfaceOrientationLandscapeLeft UIInterfaceOrientationLandscapeRight";
				LD_RUNPATH_SEARCH_PATHS = (
					"$(inherited)",
					"@executable_path/Frameworks",
				);
				MARKETING_VERSION = 1.0;
				PRODUCT_BUNDLE_IDENTIFIER = com.MindyDouglas.MostlySunny;
				PRODUCT_NAME = "$(TARGET_NAME)";
				SWIFT_EMIT_LOC_STRINGS = YES;
				SWIFT_VERSION = 5.0;
				TARGETED_DEVICE_FAMILY = "1,2";
			};
			name = Release;
		};
/* End XCBuildConfiguration section */

/* Begin XCConfigurationList section */
		726073F0275E5FD600C3021D /* Build configuration list for PBXProject "MostlySunny" */ = {
			isa = XCConfigurationList;
			buildConfigurations = (
				72607407275E5FD900C3021D /* Debug */,
				72607408275E5FD900C3021D /* Release */,
			);
			defaultConfigurationIsVisible = 0;
			defaultConfigurationName = Release;
		};
		72607409275E5FD900C3021D /* Build configuration list for PBXNativeTarget "MostlySunny" */ = {
			isa = XCConfigurationList;
			buildConfigurations = (
				7260740A275E5FD900C3021D /* Debug */,
				7260740B275E5FD900C3021D /* Release */,
			);
			defaultConfigurationIsVisible = 0;
			defaultConfigurationName = Release;
		};
/* End XCConfigurationList section */
	};
	rootObject = 726073ED275E5FD600C3021D /* Project object */;
}
